// !$*UTF8*$!
{
	archiveVersion = 1;
	classes = {
	};
	objectVersion = 77;
	objects = {

/* Begin PBXFileReference section */
		E3286BD22D06EE4800E95768 /* DcmVision.app */ = {isa = PBXFileReference; explicitFileType = wrapper.application; includeInIndex = 0; path = DcmVision.app; sourceTree = BUILT_PRODUCTS_DIR; };
		E39BB8452D08521600426BE2 /* README.md */ = {isa = PBXFileReference; lastKnownFileType = net.daringfireball.markdown; path = README.md; sourceTree = "<group>"; };
		E3CF6BF52D637FD60003E156 /* setup-dependencies.sh */ = {isa = PBXFileReference; lastKnownFileType = text.script.sh; path = "setup-dependencies.sh"; sourceTree = "<group>"; };
/* End PBXFileReference section */

/* Begin PBXFileSystemSynchronizedBuildFileExceptionSet section */
		E30640DE2D68B2E000D0AF05 /* Exceptions for "itk" folder in "DcmVision" target */ = {
			isa = PBXFileSystemSynchronizedBuildFileExceptionSet;
			membershipExceptions = (
				"include/ITK-6.0/itkeigen/Eigen/src/Core/arch/AVX512/TrsmUnrolls.inc",
				"include/ITK-6.0/itkeigen/Eigen/src/plugins/ArrayCwiseBinaryOps.inc",
				"include/ITK-6.0/itkeigen/Eigen/src/plugins/ArrayCwiseUnaryOps.inc",
				"include/ITK-6.0/itkeigen/Eigen/src/plugins/BlockMethods.inc",
				"include/ITK-6.0/itkeigen/Eigen/src/plugins/CommonCwiseBinaryOps.inc",
				"include/ITK-6.0/itkeigen/Eigen/src/plugins/CommonCwiseUnaryOps.inc",
				"include/ITK-6.0/itkeigen/Eigen/src/plugins/IndexedViewMethods.inc",
				"include/ITK-6.0/itkeigen/Eigen/src/plugins/InternalHeaderCheck.inc",
				"include/ITK-6.0/itkeigen/Eigen/src/plugins/MatrixCwiseBinaryOps.inc",
				"include/ITK-6.0/itkeigen/Eigen/src/plugins/MatrixCwiseUnaryOps.inc",
				"include/ITK-6.0/itkeigen/Eigen/src/plugins/ReshapedMethods.inc",
				"include/ITK-6.0/itkTestDriverAfterTest.inc",
				"include/ITK-6.0/itkTestDriverBeforeTest.inc",
			);
			target = E3286BD12D06EE4800E95768 /* DcmVision */;
		};
		E3286BF52D06EEC200E95768 /* Exceptions for "DcmVision" folder in "DcmVision" target */ = {
			isa = PBXFileSystemSynchronizedBuildFileExceptionSet;
			membershipExceptions = (
				Resources/Info.plist,
			);
			target = E3286BD12D06EE4800E95768 /* DcmVision */;
		};
/* End PBXFileSystemSynchronizedBuildFileExceptionSet section */

/* Begin PBXFileSystemSynchronizedRootGroup section */
		E3286BD42D06EE4800E95768 /* DcmVision */ = {
			isa = PBXFileSystemSynchronizedRootGroup;
			exceptions = (
				E3286BF52D06EEC200E95768 /* Exceptions for "DcmVision" folder in "DcmVision" target */,
			);
			path = DcmVision;
			sourceTree = "<group>";
		};
		E3CF46B02D6495B70003E156 /* itk */ = {
			isa = PBXFileSystemSynchronizedRootGroup;
			exceptions = (
				E30640DE2D68B2E000D0AF05 /* Exceptions for "itk" folder in "DcmVision" target */,
			);
			path = itk;
			sourceTree = "<group>";
		};
		E3CF47D82D649C710003E156 /* TestDataset */ = {
			isa = PBXFileSystemSynchronizedRootGroup;
			path = TestDataset;
			sourceTree = "<group>";
		};
		E3CF8F6A2D639CFE0003E156 /* dcmtk */ = {
			isa = PBXFileSystemSynchronizedRootGroup;
			path = dcmtk;
			sourceTree = "<group>";
		};
		E3CF90E42D639D090003E156 /* zlib */ = {
			isa = PBXFileSystemSynchronizedRootGroup;
			path = zlib;
			sourceTree = "<group>";
		};
/* End PBXFileSystemSynchronizedRootGroup section */

/* Begin PBXFrameworksBuildPhase section */
		E3286BCF2D06EE4800E95768 /* Frameworks */ = {
			isa = PBXFrameworksBuildPhase;
			buildActionMask = 2147483647;
			files = (
			);
			runOnlyForDeploymentPostprocessing = 0;
		};
/* End PBXFrameworksBuildPhase section */

/* Begin PBXGroup section */
		E3286BC92D06EE4800E95768 = {
			isa = PBXGroup;
			children = (
				E3286BD42D06EE4800E95768 /* DcmVision */,
				E3CF7B942D6381D60003E156 /* DicomFiles */,
				E3CF6BF62D637FD60003E156 /* Dependencies */,
				E39BB8452D08521600426BE2 /* README.md */,
				E3286BD32D06EE4800E95768 /* Products */,
			);
			sourceTree = "<group>";
		};
		E3286BD32D06EE4800E95768 /* Products */ = {
			isa = PBXGroup;
			children = (
				E3286BD22D06EE4800E95768 /* DcmVision.app */,
			);
			name = Products;
			sourceTree = "<group>";
		};
		E3CF6BF62D637FD60003E156 /* Dependencies */ = {
			isa = PBXGroup;
			children = (
				E3CF46B02D6495B70003E156 /* itk */,
				E3CF90E42D639D090003E156 /* zlib */,
				E3CF8F6A2D639CFE0003E156 /* dcmtk */,
				E3CF6BF52D637FD60003E156 /* setup-dependencies.sh */,
			);
			path = Dependencies;
			sourceTree = "<group>";
		};
		E3CF7B942D6381D60003E156 /* DicomFiles */ = {
			isa = PBXGroup;
			children = (
				E3CF47D82D649C710003E156 /* TestDataset */,
			);
			path = DicomFiles;
			sourceTree = "<group>";
		};
/* End PBXGroup section */

/* Begin PBXNativeTarget section */
		E3286BD12D06EE4800E95768 /* DcmVision */ = {
			isa = PBXNativeTarget;
			buildConfigurationList = E3286BEA2D06EE4900E95768 /* Build configuration list for PBXNativeTarget "DcmVision" */;
			buildPhases = (
				E3286BCE2D06EE4800E95768 /* Sources */,
				E3286BCF2D06EE4800E95768 /* Frameworks */,
				E3286BD02D06EE4800E95768 /* Resources */,
			);
			buildRules = (
			);
			dependencies = (
			);
			fileSystemSynchronizedGroups = (
				E3286BD42D06EE4800E95768 /* DcmVision */,
				E3CF46B02D6495B70003E156 /* itk */,
				E3CF47D82D649C710003E156 /* TestDataset */,
				E3CF8F6A2D639CFE0003E156 /* dcmtk */,
				E3CF90E42D639D090003E156 /* zlib */,
			);
			name = DcmVision;
			packageProductDependencies = (
			);
			productName = DicomTest;
			productReference = E3286BD22D06EE4800E95768 /* DcmVision.app */;
			productType = "com.apple.product-type.application";
		};
/* End PBXNativeTarget section */

/* Begin PBXProject section */
		E3286BCA2D06EE4800E95768 /* Project object */ = {
			isa = PBXProject;
			attributes = {
				BuildIndependentTargetsInParallel = 1;
				LastSwiftUpdateCheck = 1610;
				LastUpgradeCheck = 1620;
				TargetAttributes = {
					E3286BD12D06EE4800E95768 = {
						CreatedOnToolsVersion = 16.1;
						LastSwiftMigration = 1610;
					};
				};
			};
			buildConfigurationList = E3286BCD2D06EE4800E95768 /* Build configuration list for PBXProject "DcmVision" */;
			developmentRegion = en;
			hasScannedForEncodings = 0;
			knownRegions = (
				en,
				Base,
			);
			mainGroup = E3286BC92D06EE4800E95768;
			minimizedProjectReferenceProxies = 1;
			preferredProjectObjectVersion = 77;
			productRefGroup = E3286BD32D06EE4800E95768 /* Products */;
			projectDirPath = "";
			projectRoot = "";
			targets = (
				E3286BD12D06EE4800E95768 /* DcmVision */,
			);
		};
/* End PBXProject section */

/* Begin PBXResourcesBuildPhase section */
		E3286BD02D06EE4800E95768 /* Resources */ = {
			isa = PBXResourcesBuildPhase;
			buildActionMask = 2147483647;
			files = (
			);
			runOnlyForDeploymentPostprocessing = 0;
		};
/* End PBXResourcesBuildPhase section */

/* Begin PBXSourcesBuildPhase section */
		E3286BCE2D06EE4800E95768 /* Sources */ = {
			isa = PBXSourcesBuildPhase;
			buildActionMask = 2147483647;
			files = (
			);
			runOnlyForDeploymentPostprocessing = 0;
		};
/* End PBXSourcesBuildPhase section */

/* Begin XCBuildConfiguration section */
		E3286BEB2D06EE4900E95768 /* Debug */ = {
			isa = XCBuildConfiguration;
			buildSettings = {
				ASSETCATALOG_COMPILER_APPICON_NAME = AppIcon;
				ASSETCATALOG_COMPILER_GLOBAL_ACCENT_COLOR_NAME = AccentColor;
				CLANG_ENABLE_MODULES = YES;
				CODE_SIGN_STYLE = Automatic;
				COPY_PHASE_STRIP = NO;
				CURRENT_PROJECT_VERSION = 1;
				DEVELOPMENT_ASSET_PATHS = "";
				DEVELOPMENT_TEAM = T8HX5554JX;
				ENABLE_PREVIEWS = YES;
				GENERATE_INFOPLIST_FILE = YES;
				HEADER_SEARCH_PATHS = (
					"$(PROJECT_DIR)/Dependencies/dcmtk/include/**",
					"$(PROJECT_DIR)/Dependencies/itk/include/itkeigen/Eigen/Core",
					"$(PROJECT_DIR)/Dependencies/itk/include/ITK-6.0",
				);
				INFOPLIST_FILE = "$(TARGET_NAME)/Resources/Info.plist";
				LD_RUNPATH_SEARCH_PATHS = (
					"$(inherited)",
					"@executable_path/Frameworks",
				);
				LIBRARY_SEARCH_PATHS = (
					"$(inherited)",
					"$(PROJECT_DIR)/Dependencies/dcmtk/lib",
					"$(PROJECT_DIR)/Dependencies/zlib/lib",
					"$(PROJECT_DIR)/Dependencies/itk/lib",
				);
				MARKETING_VERSION = 1.0;
				PRODUCT_BUNDLE_IDENTIFIER = giusepperocco.DicomTest;
				PRODUCT_NAME = "$(TARGET_NAME)";
				STRIP_INSTALLED_PRODUCT = YES;
				SUPPORTED_PLATFORMS = "xros xrsimulator";
				SWIFT_EMIT_LOC_STRINGS = YES;
				SWIFT_OBJC_BRIDGING_HEADER = "DcmVision/ApplicationCore/DcmVision-Bridging-Header.h";
				SWIFT_OPTIMIZATION_LEVEL = "-Onone";
				SWIFT_VERSION = 5.0;
				TARGETED_DEVICE_FAMILY = 7;
				XROS_DEPLOYMENT_TARGET = 2.2;
			};
			name = Debug;
		};
		E3286BEC2D06EE4900E95768 /* Release */ = {
			isa = XCBuildConfiguration;
			buildSettings = {
				ASSETCATALOG_COMPILER_APPICON_NAME = AppIcon;
				ASSETCATALOG_COMPILER_GLOBAL_ACCENT_COLOR_NAME = AccentColor;
				CLANG_ENABLE_MODULES = YES;
				CODE_SIGN_STYLE = Automatic;
				COPY_PHASE_STRIP = NO;
				CURRENT_PROJECT_VERSION = 1;
				DEVELOPMENT_ASSET_PATHS = "";
				DEVELOPMENT_TEAM = T8HX5554JX;
				ENABLE_PREVIEWS = YES;
				GENERATE_INFOPLIST_FILE = YES;
				HEADER_SEARCH_PATHS = (
					"$(PROJECT_DIR)/Dependencies/dcmtk/include/**",
					"$(PROJECT_DIR)/Dependencies/itk/include/itkeigen/Eigen/Core",
					"$(PROJECT_DIR)/Dependencies/itk/include/ITK-6.0",
				);
				INFOPLIST_FILE = "$(TARGET_NAME)/Resources/Info.plist";
				LD_RUNPATH_SEARCH_PATHS = (
					"$(inherited)",
					"@executable_path/Frameworks",
				);
				LIBRARY_SEARCH_PATHS = (
					"$(inherited)",
					"$(PROJECT_DIR)/Dependencies/dcmtk/lib",
					"$(PROJECT_DIR)/Dependencies/zlib/lib",
					"$(PROJECT_DIR)/Dependencies/itk/lib",
				);
				MARKETING_VERSION = 1.0;
				PRODUCT_BUNDLE_IDENTIFIER = giusepperocco.DicomTest;
				PRODUCT_NAME = "$(TARGET_NAME)";
				STRIP_INSTALLED_PRODUCT = YES;
				SUPPORTED_PLATFORMS = "xros xrsimulator";
				SWIFT_EMIT_LOC_STRINGS = YES;
				SWIFT_OBJC_BRIDGING_HEADER = "DcmVision/ApplicationCore/DcmVision-Bridging-Header.h";
				SWIFT_VERSION = 5.0;
				TARGETED_DEVICE_FAMILY = 7;
				XROS_DEPLOYMENT_TARGET = 2.2;
			};
			name = Release;
		};
		E3286BED2D06EE4900E95768 /* Debug */ = {
			isa = XCBuildConfiguration;
			buildSettings = {
				ALWAYS_SEARCH_USER_PATHS = NO;
				ASSETCATALOG_COMPILER_GENERATE_SWIFT_ASSET_SYMBOL_EXTENSIONS = YES;
				CLANG_ANALYZER_NONNULL = YES;
				CLANG_ANALYZER_NUMBER_OBJECT_CONVERSION = YES_AGGRESSIVE;
				CLANG_CXX_LANGUAGE_STANDARD = "gnu++20";
				CLANG_ENABLE_MODULES = YES;
				CLANG_ENABLE_OBJC_ARC = YES;
				CLANG_ENABLE_OBJC_WEAK = YES;
				CLANG_WARN_BLOCK_CAPTURE_AUTORELEASING = YES;
				CLANG_WARN_BOOL_CONVERSION = YES;
				CLANG_WARN_COMMA = YES;
				CLANG_WARN_CONSTANT_CONVERSION = YES;
				CLANG_WARN_DEPRECATED_OBJC_IMPLEMENTATIONS = YES;
				CLANG_WARN_DIRECT_OBJC_ISA_USAGE = YES_ERROR;
				CLANG_WARN_DOCUMENTATION_COMMENTS = YES;
				CLANG_WARN_EMPTY_BODY = YES;
				CLANG_WARN_ENUM_CONVERSION = YES;
				CLANG_WARN_INFINITE_RECURSION = YES;
				CLANG_WARN_INT_CONVERSION = YES;
				CLANG_WARN_NON_LITERAL_NULL_CONVERSION = YES;
				CLANG_WARN_OBJC_IMPLICIT_RETAIN_SELF = YES;
				CLANG_WARN_OBJC_LITERAL_CONVERSION = YES;
				CLANG_WARN_OBJC_ROOT_CLASS = YES_ERROR;
				CLANG_WARN_QUOTED_INCLUDE_IN_FRAMEWORK_HEADER = YES;
				CLANG_WARN_RANGE_LOOP_ANALYSIS = YES;
				CLANG_WARN_STRICT_PROTOTYPES = YES;
				CLANG_WARN_SUSPICIOUS_MOVE = YES;
				CLANG_WARN_UNGUARDED_AVAILABILITY = YES_AGGRESSIVE;
				CLANG_WARN_UNREACHABLE_CODE = YES;
				CLANG_WARN__DUPLICATE_METHOD_MATCH = YES;
				COPY_PHASE_STRIP = NO;
				DEBUG_INFORMATION_FORMAT = dwarf;
				ENABLE_STRICT_OBJC_MSGSEND = YES;
				ENABLE_TESTABILITY = YES;
				ENABLE_USER_SCRIPT_SANDBOXING = YES;
				GCC_C_LANGUAGE_STANDARD = gnu17;
				GCC_DYNAMIC_NO_PIC = NO;
				GCC_NO_COMMON_BLOCKS = YES;
				GCC_OPTIMIZATION_LEVEL = 0;
				GCC_PREPROCESSOR_DEFINITIONS = (
					"DEBUG=1",
					"$(inherited)",
				);
				GCC_WARN_64_TO_32_BIT_CONVERSION = YES;
				GCC_WARN_ABOUT_RETURN_TYPE = YES_ERROR;
				GCC_WARN_UNDECLARED_SELECTOR = YES;
				GCC_WARN_UNINITIALIZED_AUTOS = YES_AGGRESSIVE;
				GCC_WARN_UNUSED_FUNCTION = YES;
				GCC_WARN_UNUSED_VARIABLE = YES;
				LOCALIZATION_PREFERS_STRING_CATALOGS = YES;
				MTL_ENABLE_DEBUG_INFO = INCLUDE_SOURCE;
				MTL_FAST_MATH = YES;
				ONLY_ACTIVE_ARCH = YES;
				SDKROOT = xros;
				SWIFT_ACTIVE_COMPILATION_CONDITIONS = "DEBUG $(inherited)";
				SWIFT_OPTIMIZATION_LEVEL = "-Onone";
				XROS_DEPLOYMENT_TARGET = 2.1;
			};
			name = Debug;
		};
		E3286BEE2D06EE4900E95768 /* Release */ = {
			isa = XCBuildConfiguration;
			buildSettings = {
				ALWAYS_SEARCH_USER_PATHS = NO;
				ASSETCATALOG_COMPILER_GENERATE_SWIFT_ASSET_SYMBOL_EXTENSIONS = YES;
				CLANG_ANALYZER_NONNULL = YES;
				CLANG_ANALYZER_NUMBER_OBJECT_CONVERSION = YES_AGGRESSIVE;
				CLANG_CXX_LANGUAGE_STANDARD = "gnu++20";
				CLANG_ENABLE_MODULES = YES;
				CLANG_ENABLE_OBJC_ARC = YES;
				CLANG_ENABLE_OBJC_WEAK = YES;
				CLANG_WARN_BLOCK_CAPTURE_AUTORELEASING = YES;
				CLANG_WARN_BOOL_CONVERSION = YES;
				CLANG_WARN_COMMA = YES;
				CLANG_WARN_CONSTANT_CONVERSION = YES;
				CLANG_WARN_DEPRECATED_OBJC_IMPLEMENTATIONS = YES;
				CLANG_WARN_DIRECT_OBJC_ISA_USAGE = YES_ERROR;
				CLANG_WARN_DOCUMENTATION_COMMENTS = YES;
				CLANG_WARN_EMPTY_BODY = YES;
				CLANG_WARN_ENUM_CONVERSION = YES;
				CLANG_WARN_INFINITE_RECURSION = YES;
				CLANG_WARN_INT_CONVERSION = YES;
				CLANG_WARN_NON_LITERAL_NULL_CONVERSION = YES;
				CLANG_WARN_OBJC_IMPLICIT_RETAIN_SELF = YES;
				CLANG_WARN_OBJC_LITERAL_CONVERSION = YES;
				CLANG_WARN_OBJC_ROOT_CLASS = YES_ERROR;
				CLANG_WARN_QUOTED_INCLUDE_IN_FRAMEWORK_HEADER = YES;
				CLANG_WARN_RANGE_LOOP_ANALYSIS = YES;
				CLANG_WARN_STRICT_PROTOTYPES = YES;
				CLANG_WARN_SUSPICIOUS_MOVE = YES;
				CLANG_WARN_UNGUARDED_AVAILABILITY = YES_AGGRESSIVE;
				CLANG_WARN_UNREACHABLE_CODE = YES;
				CLANG_WARN__DUPLICATE_METHOD_MATCH = YES;
				COPY_PHASE_STRIP = NO;
				DEBUG_INFORMATION_FORMAT = "dwarf-with-dsym";
				ENABLE_NS_ASSERTIONS = NO;
				ENABLE_STRICT_OBJC_MSGSEND = YES;
				ENABLE_USER_SCRIPT_SANDBOXING = YES;
				GCC_C_LANGUAGE_STANDARD = gnu17;
				GCC_NO_COMMON_BLOCKS = YES;
				GCC_WARN_64_TO_32_BIT_CONVERSION = YES;
				GCC_WARN_ABOUT_RETURN_TYPE = YES_ERROR;
				GCC_WARN_UNDECLARED_SELECTOR = YES;
				GCC_WARN_UNINITIALIZED_AUTOS = YES_AGGRESSIVE;
				GCC_WARN_UNUSED_FUNCTION = YES;
				GCC_WARN_UNUSED_VARIABLE = YES;
				LOCALIZATION_PREFERS_STRING_CATALOGS = YES;
				MTL_ENABLE_DEBUG_INFO = NO;
				MTL_FAST_MATH = YES;
				SDKROOT = xros;
				SWIFT_COMPILATION_MODE = wholemodule;
				VALIDATE_PRODUCT = YES;
				XROS_DEPLOYMENT_TARGET = 2.1;
			};
			name = Release;
		};
/* End XCBuildConfiguration section */

/* Begin XCConfigurationList section */
		E3286BCD2D06EE4800E95768 /* Build configuration list for PBXProject "DcmVision" */ = {
			isa = XCConfigurationList;
			buildConfigurations = (
				E3286BED2D06EE4900E95768 /* Debug */,
				E3286BEE2D06EE4900E95768 /* Release */,
			);
			defaultConfigurationIsVisible = 0;
			defaultConfigurationName = Release;
		};
		E3286BEA2D06EE4900E95768 /* Build configuration list for PBXNativeTarget "DcmVision" */ = {
			isa = XCConfigurationList;
			buildConfigurations = (
				E3286BEB2D06EE4900E95768 /* Debug */,
				E3286BEC2D06EE4900E95768 /* Release */,
			);
			defaultConfigurationIsVisible = 0;
			defaultConfigurationName = Release;
		};
/* End XCConfigurationList section */
	};
	rootObject = E3286BCA2D06EE4800E95768 /* Project object */;
}
