// !$*UTF8*$!
{
	archiveVersion = 1;
	classes = {
	};
	objectVersion = 77;
	objects = {

/* Begin PBXBuildFile section */
		E3EB86A82DC145F900BD3DA5 /* RealityKitContent in Frameworks */ = {isa = PBXBuildFile; productRef = E3EB86A72DC145F900BD3DA5 /* RealityKitContent */; };
		E3F8E4912DC6C08000A8EC57 /* Tools4SwiftUI in Frameworks */ = {isa = PBXBuildFile; productRef = E3F8E4902DC6C08000A8EC57 /* Tools4SwiftUI */; };
/* End PBXBuildFile section */

/* Begin PBXFileReference section */
		E3286BD22D06EE4800E95768 /* DcmVision.app */ = {isa = PBXFileReference; explicitFileType = wrapper.application; includeInIndex = 0; path = DcmVision.app; sourceTree = BUILT_PRODUCTS_DIR; };
		E39BB8452D08521600426BE2 /* README.md */ = {isa = PBXFileReference; lastKnownFileType = net.daringfireball.markdown; path = README.md; sourceTree = "<group>"; };
		E3CF6BF52D637FD60003E156 /* setup-dependencies.sh */ = {isa = PBXFileReference; lastKnownFileType = text.script.sh; path = "setup-dependencies.sh"; sourceTree = "<group>"; };
		E3EB86A32DC145AC00BD3DA5 /* RealityKitContent */ = {isa = PBXFileReference; lastKnownFileType = wrapper; path = RealityKitContent; sourceTree = "<group>"; };
/* End PBXFileReference section */

/* Begin PBXFileSystemSynchronizedBuildFileExceptionSet section */
		E3286BF52D06EEC200E95768 /* Exceptions for "DcmVision" folder in "DcmVision" target */ = {
			isa = PBXFileSystemSynchronizedBuildFileExceptionSet;
			membershipExceptions = (
				Resources/Info.plist,
			);
			target = E3286BD12D06EE4800E95768 /* DcmVision */;
		};
		E3DC13922D75ADC1005173CF /* Exceptions for "zlib" folder in "DcmVision" target */ = {
			isa = PBXFileSystemSynchronizedBuildFileExceptionSet;
			membershipExceptions = (
				lib/pkgconfig/zlib.pc,
				share/man/man3/zlib.3,
			);
			target = E3286BD12D06EE4800E95768 /* DcmVision */;
		};
		E3DC13932D75ADF3005173CF /* Exceptions for "dcmtk" folder in "DcmVision" target */ = {
			isa = PBXFileSystemSynchronizedBuildFileExceptionSet;
			membershipExceptions = (
				bin/cda2dcm,
				bin/dcm2cda,
				bin/dcm2img,
				bin/dcm2json,
				bin/dcm2pnm,
				bin/dcm2xml,
				bin/dcmcjpeg,
				bin/dcmcjpls,
				bin/dcmconv,
				bin/dcmcrle,
				bin/dcmdjpeg,
				bin/dcmdjpls,
				bin/dcmdrle,
				bin/dcmdspfn,
				bin/dcmdump,
				bin/dcmftest,
				bin/dcmgpdir,
				bin/dcmicmp,
				bin/dcmj2pnm,
				bin/dcml2pnm,
				bin/dcmmkcrv,
				bin/dcmmkdir,
				bin/dcmmklut,
				bin/dcmodify,
				bin/dcmp2pgm,
				bin/dcmprscp,
				bin/dcmprscu,
				bin/dcmpschk,
				bin/dcmpsmk,
				bin/dcmpsprt,
				bin/dcmpsrcv,
				bin/dcmpssnd,
				bin/dcmqridx,
				bin/dcmqrscp,
				bin/dcmqrti,
				bin/dcmquant,
				bin/dcmrecv,
				bin/dcmscale,
				bin/dcmsend,
				bin/dcmsign,
				bin/dcod2lum,
				bin/dconvlum,
				bin/drtdump,
				bin/dsr2html,
				bin/dsr2xml,
				bin/dsrdump,
				bin/dump2dcm,
				bin/echoscu,
				bin/findscu,
				bin/getscu,
				bin/img2dcm,
				bin/mkcsmapper,
				bin/mkesdb,
				bin/movescu,
				bin/pdf2dcm,
				bin/stl2dcm,
				bin/storescp,
				bin/storescu,
				bin/termscu,
				bin/wlmscpfs,
				bin/xml2dcm,
				bin/xml2dsr,
				"etc/dcmtk-3.6.9-DEV/consolog.cfg",
				"etc/dcmtk-3.6.9-DEV/dcmpstat.cfg",
				"etc/dcmtk-3.6.9-DEV/dcmqrprf.cfg",
				"etc/dcmtk-3.6.9-DEV/dcmqrscp.cfg",
				"etc/dcmtk-3.6.9-DEV/filelog.cfg",
				"etc/dcmtk-3.6.9-DEV/logger.cfg",
				"etc/dcmtk-3.6.9-DEV/printers.cfg",
				"etc/dcmtk-3.6.9-DEV/storescp.cfg",
				"etc/dcmtk-3.6.9-DEV/storescu.cfg",
				include/dcmtk/ofstd/diag/arrybnds.def,
				include/dcmtk/ofstd/diag/asincond.def,
				include/dcmtk/ofstd/diag/cnvrsn.def,
				include/dcmtk/ofstd/diag/constexp.def,
				include/dcmtk/ofstd/diag/ignrattr.def,
				include/dcmtk/ofstd/diag/memacces.def,
				include/dcmtk/ofstd/diag/mmtag.def,
				include/dcmtk/ofstd/diag/nsdfti.def,
				include/dcmtk/ofstd/diag/overflow.def,
				include/dcmtk/ofstd/diag/pessmove.def,
				include/dcmtk/ofstd/diag/piof.def,
				include/dcmtk/ofstd/diag/pop.def,
				include/dcmtk/ofstd/diag/push.def,
				include/dcmtk/ofstd/diag/restrict.def,
				include/dcmtk/ofstd/diag/shadow.def,
				include/dcmtk/ofstd/diag/signcmp.def,
				include/dcmtk/ofstd/diag/slfassov.def,
				include/dcmtk/ofstd/diag/stralias.def,
				include/dcmtk/ofstd/diag/stringop.def,
				include/dcmtk/ofstd/diag/unarymin.def,
				include/dcmtk/ofstd/diag/unreachb.def,
				include/dcmtk/ofstd/diag/unrefprm.def,
				include/dcmtk/ofstd/diag/useafree.def,
				include/dcmtk/ofstd/diag/vsdeclpd.def,
				include/dcmtk/ofstd/diag/vsobjdes.def,
				include/dcmtk/ofstd/diag/vsprfw.def,
				lib/cmake/dcmtk/DCMTKConfig.cmake,
				lib/cmake/dcmtk/DCMTKConfigVersion.cmake,
				"lib/cmake/dcmtk/DCMTKTargets-release.cmake",
				lib/cmake/dcmtk/DCMTKTargets.cmake,
				lib/pkgconfig/dcmtk.pc,
				"share/dcmtk-3.6.9-DEV/acrnema.dic",
				"share/dcmtk-3.6.9-DEV/camera.lut",
				"share/dcmtk-3.6.9-DEV/csmapper/charset.pivot.pvdb",
				"share/dcmtk-3.6.9-DEV/csmapper/CP/CP936EXT%UCS.mps",
				"share/dcmtk-3.6.9-DEV/csmapper/CP/UCS%CP936EXT.mps",
				"share/dcmtk-3.6.9-DEV/csmapper/GB/GB2312%UCS.mps",
				"share/dcmtk-3.6.9-DEV/csmapper/GB/GB2312EXT%UCS.mps",
				"share/dcmtk-3.6.9-DEV/csmapper/GB/GB2312GBK%UCS.mps",
				"share/dcmtk-3.6.9-DEV/csmapper/GB/GB2312UDA1%UCS.mps",
				"share/dcmtk-3.6.9-DEV/csmapper/GB/GB2312UDA2%UCS.mps",
				"share/dcmtk-3.6.9-DEV/csmapper/GB/GB18030%UCS@BMP.mps",
				"share/dcmtk-3.6.9-DEV/csmapper/GB/GBKEXT%UCS.mps",
				"share/dcmtk-3.6.9-DEV/csmapper/GB/GBKUDA%UCS.mps",
				"share/dcmtk-3.6.9-DEV/csmapper/GB/UCS@BMP%GB18030.mps",
				"share/dcmtk-3.6.9-DEV/csmapper/GB/UCS%GB2312.mps",
				"share/dcmtk-3.6.9-DEV/csmapper/GB/UCS%GB2312EXT.mps",
				"share/dcmtk-3.6.9-DEV/csmapper/GB/UCS%GB2312UDA1.mps",
				"share/dcmtk-3.6.9-DEV/csmapper/GB/UCS%GB2312UDA2.mps",
				"share/dcmtk-3.6.9-DEV/csmapper/GB/UCS%GBKEXT.mps",
				"share/dcmtk-3.6.9-DEV/csmapper/GB/UCS%GBKUDA.mps",
				"share/dcmtk-3.6.9-DEV/csmapper/ISO-8859/ISO-8859-2%UCS.mps",
				"share/dcmtk-3.6.9-DEV/csmapper/ISO-8859/ISO-8859-3%UCS.mps",
				"share/dcmtk-3.6.9-DEV/csmapper/ISO-8859/ISO-8859-4%UCS.mps",
				"share/dcmtk-3.6.9-DEV/csmapper/ISO-8859/ISO-8859-5%UCS.mps",
				"share/dcmtk-3.6.9-DEV/csmapper/ISO-8859/ISO-8859-6%UCS.mps",
				"share/dcmtk-3.6.9-DEV/csmapper/ISO-8859/ISO-8859-7%UCS.mps",
				"share/dcmtk-3.6.9-DEV/csmapper/ISO-8859/ISO-8859-8%UCS.mps",
				"share/dcmtk-3.6.9-DEV/csmapper/ISO-8859/ISO-8859-9%UCS.mps",
				"share/dcmtk-3.6.9-DEV/csmapper/ISO-8859/ISO-8859-11%UCS.mps",
				"share/dcmtk-3.6.9-DEV/csmapper/ISO-8859/ISO-8859-15%UCS.mps",
				"share/dcmtk-3.6.9-DEV/csmapper/ISO-8859/UCS%ISO-8859-2.mps",
				"share/dcmtk-3.6.9-DEV/csmapper/ISO-8859/UCS%ISO-8859-3.mps",
				"share/dcmtk-3.6.9-DEV/csmapper/ISO-8859/UCS%ISO-8859-4.mps",
				"share/dcmtk-3.6.9-DEV/csmapper/ISO-8859/UCS%ISO-8859-5.mps",
				"share/dcmtk-3.6.9-DEV/csmapper/ISO-8859/UCS%ISO-8859-6.mps",
				"share/dcmtk-3.6.9-DEV/csmapper/ISO-8859/UCS%ISO-8859-7.mps",
				"share/dcmtk-3.6.9-DEV/csmapper/ISO-8859/UCS%ISO-8859-8.mps",
				"share/dcmtk-3.6.9-DEV/csmapper/ISO-8859/UCS%ISO-8859-9.mps",
				"share/dcmtk-3.6.9-DEV/csmapper/ISO-8859/UCS%ISO-8859-11.mps",
				"share/dcmtk-3.6.9-DEV/csmapper/ISO-8859/UCS%ISO-8859-15.mps",
				"share/dcmtk-3.6.9-DEV/csmapper/ISO646/ISO646-JP%UCS.646",
				"share/dcmtk-3.6.9-DEV/csmapper/ISO646/ISO646-US%UCS.646",
				"share/dcmtk-3.6.9-DEV/csmapper/JIS/JISX0201-KANA%UCS.mps",
				"share/dcmtk-3.6.9-DEV/csmapper/JIS/JISX0208@1990%UCS.mps",
				"share/dcmtk-3.6.9-DEV/csmapper/JIS/JISX0212%UCS.mps",
				"share/dcmtk-3.6.9-DEV/csmapper/JIS/UCS%JISX0201-KANA.mps",
				"share/dcmtk-3.6.9-DEV/csmapper/JIS/UCS%JISX0208@1990.mps",
				"share/dcmtk-3.6.9-DEV/csmapper/JIS/UCS%JISX0212.mps",
				"share/dcmtk-3.6.9-DEV/csmapper/KS/KSC5601HANGUL%UCS.mps",
				"share/dcmtk-3.6.9-DEV/csmapper/KS/KSC5601HANJA%UCS.mps",
				"share/dcmtk-3.6.9-DEV/csmapper/KS/UCS%KSC5601HANGUL.mps",
				"share/dcmtk-3.6.9-DEV/csmapper/KS/UCS%KSC5601HANJA.mps",
				"share/dcmtk-3.6.9-DEV/csmapper/mapper.dir",
				"share/dcmtk-3.6.9-DEV/csmapper/mapper.dir.db",
				"share/dcmtk-3.6.9-DEV/dcm2xml.dtd",
				"share/dcmtk-3.6.9-DEV/diconde.dic",
				"share/dcmtk-3.6.9-DEV/dsr2xml.xsd",
				"share/dcmtk-3.6.9-DEV/dumppat.txt",
				"share/dcmtk-3.6.9-DEV/esdb/esdb.alias.db",
				"share/dcmtk-3.6.9-DEV/esdb/esdb.dir.db",
				"share/dcmtk-3.6.9-DEV/esdb/EUC/EUC-CN.esdb",
				"share/dcmtk-3.6.9-DEV/esdb/EUC/EUC-KR.esdb",
				"share/dcmtk-3.6.9-DEV/esdb/GB/GB18030.esdb",
				"share/dcmtk-3.6.9-DEV/esdb/GB/GBK.esdb",
				"share/dcmtk-3.6.9-DEV/esdb/ISO-8859/ISO-8859-1.esdb",
				"share/dcmtk-3.6.9-DEV/esdb/ISO-8859/ISO-8859-2.esdb",
				"share/dcmtk-3.6.9-DEV/esdb/ISO-8859/ISO-8859-3.esdb",
				"share/dcmtk-3.6.9-DEV/esdb/ISO-8859/ISO-8859-4.esdb",
				"share/dcmtk-3.6.9-DEV/esdb/ISO-8859/ISO-8859-5.esdb",
				"share/dcmtk-3.6.9-DEV/esdb/ISO-8859/ISO-8859-6.esdb",
				"share/dcmtk-3.6.9-DEV/esdb/ISO-8859/ISO-8859-7.esdb",
				"share/dcmtk-3.6.9-DEV/esdb/ISO-8859/ISO-8859-8.esdb",
				"share/dcmtk-3.6.9-DEV/esdb/ISO-8859/ISO-8859-9.esdb",
				"share/dcmtk-3.6.9-DEV/esdb/ISO-8859/ISO-8859-11.esdb",
				"share/dcmtk-3.6.9-DEV/esdb/ISO-8859/ISO-8859-15.esdb",
				"share/dcmtk-3.6.9-DEV/esdb/ISO646/ISO646-US.esdb",
				"share/dcmtk-3.6.9-DEV/esdb/MISC/JISX0201-KANA.esdb",
				"share/dcmtk-3.6.9-DEV/esdb/MISC/JISX0208@1990.esdb",
				"share/dcmtk-3.6.9-DEV/esdb/MISC/JISX0212.esdb",
				"share/dcmtk-3.6.9-DEV/esdb/MISC/Shift_JIS.esdb",
				"share/dcmtk-3.6.9-DEV/esdb/UTF/UTF-8.esdb",
				"share/dcmtk-3.6.9-DEV/esdb/UTF/UTF-16-INTERNAL.esdb",
				"share/dcmtk-3.6.9-DEV/esdb/UTF/UTF-16-SWAPPED.esdb",
				"share/dcmtk-3.6.9-DEV/esdb/UTF/UTF-16.esdb",
				"share/dcmtk-3.6.9-DEV/esdb/UTF/UTF-16BE.esdb",
				"share/dcmtk-3.6.9-DEV/esdb/UTF/UTF-16LE.esdb",
				"share/dcmtk-3.6.9-DEV/esdb/UTF/UTF-32-INTERNAL.esdb",
				"share/dcmtk-3.6.9-DEV/esdb/UTF/UTF-32-SWAPPED.esdb",
				"share/dcmtk-3.6.9-DEV/esdb/UTF/UTF-32.esdb",
				"share/dcmtk-3.6.9-DEV/esdb/UTF/UTF-32BE.esdb",
				"share/dcmtk-3.6.9-DEV/esdb/UTF/UTF-32LE.esdb",
				"share/dcmtk-3.6.9-DEV/monitor.lut",
				"share/dcmtk-3.6.9-DEV/philips.lut",
				"share/dcmtk-3.6.9-DEV/printer.lut",
				"share/dcmtk-3.6.9-DEV/private.dic",
				"share/dcmtk-3.6.9-DEV/report.css",
				"share/dcmtk-3.6.9-DEV/reportx.css",
				"share/dcmtk-3.6.9-DEV/SC.dump",
				"share/dcmtk-3.6.9-DEV/scanner.lut",
				"share/dcmtk-3.6.9-DEV/VLP.dump",
				"share/dcmtk-3.6.9-DEV/wlistdb/OFFIS/lockfile",
				"share/dcmtk-3.6.9-DEV/wlistdb/OFFIS/wklist1.dump",
				"share/dcmtk-3.6.9-DEV/wlistdb/OFFIS/wklist2.dump",
				"share/dcmtk-3.6.9-DEV/wlistdb/OFFIS/wklist3.dump",
				"share/dcmtk-3.6.9-DEV/wlistdb/OFFIS/wklist4.dump",
				"share/dcmtk-3.6.9-DEV/wlistdb/OFFIS/wklist5.dump",
				"share/dcmtk-3.6.9-DEV/wlistdb/OFFIS/wklist6.dump",
				"share/dcmtk-3.6.9-DEV/wlistdb/OFFIS/wklist7.dump",
				"share/dcmtk-3.6.9-DEV/wlistdb/OFFIS/wklist8.dump",
				"share/dcmtk-3.6.9-DEV/wlistdb/OFFIS/wklist9.dump",
				"share/dcmtk-3.6.9-DEV/wlistdb/OFFIS/wklist10.dump",
				"share/dcmtk-3.6.9-DEV/wlistdb/README",
				"share/dcmtk-3.6.9-DEV/wlistqry/README",
				"share/dcmtk-3.6.9-DEV/wlistqry/wlistqry0.dump",
				"share/dcmtk-3.6.9-DEV/wlistqry/wlistqry1.dump",
				"share/dcmtk-3.6.9-DEV/wlistqry/wlistqry2.dump",
				"share/dcmtk-3.6.9-DEV/wlistqry/wlistqry3.dump",
				"share/dcmtk-3.6.9-DEV/wlistqry/wlistqry4.dump",
				"share/dcmtk-3.6.9-DEV/wlistqry/wlistqry5.dump",
				"share/dcmtk-3.6.9-DEV/wlistqry/wlistqry6.dump",
				"share/dcmtk-3.6.9-DEV/wlistqry/wlistqry7.dump",
				"share/dcmtk-3.6.9-DEV/wlistqry/wlistqry8.dump",
				"share/dcmtk-3.6.9-DEV/wlistqry/wlistqry9.dump",
				"share/dcmtk-3.6.9-DEV/wlistqry/wlistqry10.dump",
				"share/dcmtk-3.6.9-DEV/wlistqry/wlistqry11.dump",
				"share/dcmtk-3.6.9-DEV/wlistqry/wlistqry12.dump",
				"share/doc/dcmtk-3.6.9-DEV/ANNOUNCE",
				"share/doc/dcmtk-3.6.9-DEV/asconfig.txt",
				"share/doc/dcmtk-3.6.9-DEV/CHANGES.301",
				"share/doc/dcmtk-3.6.9-DEV/CHANGES.302",
				"share/doc/dcmtk-3.6.9-DEV/CHANGES.310",
				"share/doc/dcmtk-3.6.9-DEV/CHANGES.311",
				"share/doc/dcmtk-3.6.9-DEV/CHANGES.312",
				"share/doc/dcmtk-3.6.9-DEV/CHANGES.320",
				"share/doc/dcmtk-3.6.9-DEV/CHANGES.321",
				"share/doc/dcmtk-3.6.9-DEV/CHANGES.330",
				"share/doc/dcmtk-3.6.9-DEV/CHANGES.331",
				"share/doc/dcmtk-3.6.9-DEV/CHANGES.340",
				"share/doc/dcmtk-3.6.9-DEV/CHANGES.341",
				"share/doc/dcmtk-3.6.9-DEV/CHANGES.342",
				"share/doc/dcmtk-3.6.9-DEV/CHANGES.350",
				"share/doc/dcmtk-3.6.9-DEV/CHANGES.351",
				"share/doc/dcmtk-3.6.9-DEV/CHANGES.352",
				"share/doc/dcmtk-3.6.9-DEV/CHANGES.353",
				"share/doc/dcmtk-3.6.9-DEV/CHANGES.354",
				"share/doc/dcmtk-3.6.9-DEV/CHANGES.360",
				"share/doc/dcmtk-3.6.9-DEV/CHANGES.362",
				"share/doc/dcmtk-3.6.9-DEV/CHANGES.363",
				"share/doc/dcmtk-3.6.9-DEV/CHANGES.364",
				"share/doc/dcmtk-3.6.9-DEV/CHANGES.365",
				"share/doc/dcmtk-3.6.9-DEV/CHANGES.366",
				"share/doc/dcmtk-3.6.9-DEV/CHANGES.367",
				"share/doc/dcmtk-3.6.9-DEV/CHANGES.368",
				"share/doc/dcmtk-3.6.9-DEV/CHANGES.369",
				"share/doc/dcmtk-3.6.9-DEV/ciphers.txt",
				"share/doc/dcmtk-3.6.9-DEV/config.txt",
				"share/doc/dcmtk-3.6.9-DEV/COPYRIGHT",
				"share/doc/dcmtk-3.6.9-DEV/CREDITS",
				"share/doc/dcmtk-3.6.9-DEV/datadict.txt",
				"share/doc/dcmtk-3.6.9-DEV/dcmqrcnf.txt",
				"share/doc/dcmtk-3.6.9-DEV/dcmqrset.txt",
				"share/doc/dcmtk-3.6.9-DEV/dirstruc.txt",
				"share/doc/dcmtk-3.6.9-DEV/envvars.txt",
				"share/doc/dcmtk-3.6.9-DEV/FAQ",
				"share/doc/dcmtk-3.6.9-DEV/HISTORY",
				"share/doc/dcmtk-3.6.9-DEV/macros.txt",
				"share/doc/dcmtk-3.6.9-DEV/modules.txt",
				"share/doc/dcmtk-3.6.9-DEV/randseed.txt",
				"share/doc/dcmtk-3.6.9-DEV/testing.txt",
				"share/doc/dcmtk-3.6.9-DEV/VERSION",
				"share/doc/dcmtk-3.6.9-DEV/wlmsetup.txt",
				share/man/man1/cda2dcm.1,
				share/man/man1/dcm2cda.1,
				share/man/man1/dcm2img.1,
				share/man/man1/dcm2json.1,
				share/man/man1/dcm2pdf.1,
				share/man/man1/dcm2pnm.1,
				share/man/man1/dcm2xml.1,
				share/man/man1/dcmcjpeg.1,
				share/man/man1/dcmcjpls.1,
				share/man/man1/dcmconv.1,
				share/man/man1/dcmcrle.1,
				share/man/man1/dcmdjpeg.1,
				share/man/man1/dcmdjpls.1,
				share/man/man1/dcmdrle.1,
				share/man/man1/dcmdspfn.1,
				share/man/man1/dcmdump.1,
				share/man/man1/dcmftest.1,
				share/man/man1/dcmgpdir.1,
				share/man/man1/dcmicmp.1,
				share/man/man1/dcmj2pnm.1,
				share/man/man1/dcml2pnm.1,
				share/man/man1/dcmmkcrv.1,
				share/man/man1/dcmmkdir.1,
				share/man/man1/dcmmklut.1,
				share/man/man1/dcmodify.1,
				share/man/man1/dcmp2pgm.1,
				share/man/man1/dcmprscp.1,
				share/man/man1/dcmprscu.1,
				share/man/man1/dcmpschk.1,
				share/man/man1/dcmpsmk.1,
				share/man/man1/dcmpsprt.1,
				share/man/man1/dcmpsrcv.1,
				share/man/man1/dcmpssnd.1,
				share/man/man1/dcmqridx.1,
				share/man/man1/dcmqrscp.1,
				share/man/man1/dcmqrti.1,
				share/man/man1/dcmquant.1,
				share/man/man1/dcmrecv.1,
				share/man/man1/dcmscale.1,
				share/man/man1/dcmsend.1,
				share/man/man1/dcmsign.1,
				share/man/man1/dcod2lum.1,
				share/man/man1/dconvlum.1,
				share/man/man1/drtdump.1,
				share/man/man1/dsr2html.1,
				share/man/man1/dsr2xml.1,
				share/man/man1/dsrdump.1,
				share/man/man1/dump2dcm.1,
				share/man/man1/echoscu.1,
				share/man/man1/findscu.1,
				share/man/man1/getscu.1,
				share/man/man1/img2dcm.1,
				share/man/man1/mkcsmapper.1,
				share/man/man1/mkesdb.1,
				share/man/man1/movescu.1,
				share/man/man1/pdf2dcm.1,
				share/man/man1/stl2dcm.1,
				share/man/man1/storescp.1,
				share/man/man1/storescu.1,
				share/man/man1/termscu.1,
				share/man/man1/wlmscpfs.1,
				share/man/man1/xml2dcm.1,
				share/man/man1/xml2dsr.1,
			);
			target = E3286BD12D06EE4800E95768 /* DcmVision */;
		};
		E3DC324A2D75E840005173CF /* Exceptions for "vtk" folder in "DcmVision" target */ = {
			isa = PBXFileSystemSynchronizedBuildFileExceptionSet;
			membershipExceptions = (
				"lib/libvtkcgns-9.4.a",
				"lib/libvtkChartsCore-9.4.a",
				"lib/libvtkCommonColor-9.4.a",
				"lib/libvtkCommonComputationalGeometry-9.4.a",
				"lib/libvtkCommonCore-9.4.a",
				"lib/libvtkCommonDataModel-9.4.a",
				"lib/libvtkCommonExecutionModel-9.4.a",
				"lib/libvtkCommonMath-9.4.a",
				"lib/libvtkCommonMisc-9.4.a",
				"lib/libvtkCommonSystem-9.4.a",
				"lib/libvtkCommonTransforms-9.4.a",
				"lib/libvtkDICOMParser-9.4.a",
				"lib/libvtkDomainsChemistry-9.4.a",
				"lib/libvtkdoubleconversion-9.4.a",
				"lib/libvtkexodusII-9.4.a",
				"lib/libvtkexpat-9.4.a",
				"lib/libvtkFiltersAMR-9.4.a",
				"lib/libvtkFiltersCellGrid-9.4.a",
				"lib/libvtkFiltersCore-9.4.a",
				"lib/libvtkFiltersExtraction-9.4.a",
				"lib/libvtkFiltersFlowPaths-9.4.a",
				"lib/libvtkFiltersGeneral-9.4.a",
				"lib/libvtkFiltersGeneric-9.4.a",
				"lib/libvtkFiltersGeometry-9.4.a",
				"lib/libvtkFiltersGeometryPreview-9.4.a",
				"lib/libvtkFiltersHybrid-9.4.a",
				"lib/libvtkFiltersHyperTree-9.4.a",
				"lib/libvtkFiltersImaging-9.4.a",
				"lib/libvtkFiltersModeling-9.4.a",
				"lib/libvtkFiltersParallel-9.4.a",
				"lib/libvtkFiltersParallelImaging-9.4.a",
				"lib/libvtkFiltersPoints-9.4.a",
				"lib/libvtkFiltersProgrammable-9.4.a",
				"lib/libvtkFiltersReduction-9.4.a",
				"lib/libvtkFiltersSelection-9.4.a",
				"lib/libvtkFiltersSMP-9.4.a",
				"lib/libvtkFiltersSources-9.4.a",
				"lib/libvtkFiltersStatistics-9.4.a",
				"lib/libvtkFiltersTemporal-9.4.a",
				"lib/libvtkFiltersTensor-9.4.a",
				"lib/libvtkFiltersTexture-9.4.a",
				"lib/libvtkFiltersTopology-9.4.a",
				"lib/libvtkFiltersVerdict-9.4.a",
				"lib/libvtkfmt-9.4.a",
				"lib/libvtkfreetype-9.4.a",
				"lib/libvtkhdf5_hl-9.4.a",
				"lib/libvtkhdf5-9.4.a",
				"lib/libvtkImagingColor-9.4.a",
				"lib/libvtkImagingCore-9.4.a",
				"lib/libvtkImagingFourier-9.4.a",
				"lib/libvtkImagingGeneral-9.4.a",
				"lib/libvtkImagingHybrid-9.4.a",
				"lib/libvtkImagingMath-9.4.a",
				"lib/libvtkImagingMorphological-9.4.a",
				"lib/libvtkImagingSources-9.4.a",
				"lib/libvtkImagingStatistics-9.4.a",
				"lib/libvtkImagingStencil-9.4.a",
				"lib/libvtkInfovisCore-9.4.a",
				"lib/libvtkInfovisLayout-9.4.a",
				"lib/libvtkIOAMR-9.4.a",
				"lib/libvtkIOAsynchronous-9.4.a",
				"lib/libvtkIOCellGrid-9.4.a",
				"lib/libvtkIOCGNSReader-9.4.a",
				"lib/libvtkIOChemistry-9.4.a",
				"lib/libvtkIOCityGML-9.4.a",
				"lib/libvtkIOCONVERGECFD-9.4.a",
				"lib/libvtkIOCore-9.4.a",
				"lib/libvtkIOEngys-9.4.a",
				"lib/libvtkIOEnSight-9.4.a",
				"lib/libvtkIOERF-9.4.a",
				"lib/libvtkIOExodus-9.4.a",
				"lib/libvtkIOExport-9.4.a",
				"lib/libvtkIOFLUENTCFF-9.4.a",
				"lib/libvtkIOGeometry-9.4.a",
				"lib/libvtkIOHDF-9.4.a",
				"lib/libvtkIOImage-9.4.a",
				"lib/libvtkIOImport-9.4.a",
				"lib/libvtkIOIOSS-9.4.a",
				"lib/libvtkIOLegacy-9.4.a",
				"lib/libvtkIOLSDyna-9.4.a",
				"lib/libvtkIOMINC-9.4.a",
				"lib/libvtkIOMotionFX-9.4.a",
				"lib/libvtkIOMovie-9.4.a",
				"lib/libvtkIONetCDF-9.4.a",
				"lib/libvtkIOOggTheora-9.4.a",
				"lib/libvtkIOParallel-9.4.a",
				"lib/libvtkIOParallelXML-9.4.a",
				"lib/libvtkIOPLY-9.4.a",
				"lib/libvtkIOSegY-9.4.a",
				"lib/libvtkioss-9.4.a",
				"lib/libvtkIOTecplotTable-9.4.a",
				"lib/libvtkIOVeraOut-9.4.a",
				"lib/libvtkIOVideo-9.4.a",
				"lib/libvtkIOXML-9.4.a",
				"lib/libvtkIOXMLParser-9.4.a",
				"lib/libvtkjpeg-9.4.a",
				"lib/libvtkjsoncpp-9.4.a",
				"lib/libvtkkissfft-9.4.a",
				"lib/libvtkloguru-9.4.a",
				"lib/libvtklz4-9.4.a",
				"lib/libvtklzma-9.4.a",
				"lib/libvtkmetaio-9.4.a",
				"lib/libvtknetcdf-9.4.a",
				"lib/libvtkogg-9.4.a",
				"lib/libvtkParallelCore-9.4.a",
				"lib/libvtkParallelDIY-9.4.a",
				"lib/libvtkpng-9.4.a",
				"lib/libvtkpugixml-9.4.a",
				"lib/libvtkRenderingContext2D-9.4.a",
				"lib/libvtkRenderingCore-9.4.a",
				"lib/libvtkRenderingFreeType-9.4.a",
				"lib/libvtkRenderingSceneGraph-9.4.a",
				"lib/libvtkRenderingVtkJS-9.4.a",
				"lib/libvtksys-9.4.a",
				"lib/libvtktheora-9.4.a",
				"lib/libvtktiff-9.4.a",
				"lib/libvtktoken-9.4.a",
				"lib/libvtkverdict-9.4.a",
				"lib/libvtkWrappingTools-9.4.a",
				"lib/libvtkzlib-9.4.a",
			);
			target = E3286BD12D06EE4800E95768 /* DcmVision */;
		};
/* End PBXFileSystemSynchronizedBuildFileExceptionSet section */

/* Begin PBXFileSystemSynchronizedRootGroup section */
		E3286BD42D06EE4800E95768 /* DcmVision */ = {
			isa = PBXFileSystemSynchronizedRootGroup;
			exceptions = (
				E3286BF52D06EEC200E95768 /* Exceptions for "DcmVision" folder in "DcmVision" target */,
			);
			path = DcmVision;
			sourceTree = "<group>";
		};
		E3CF8F6A2D639CFE0003E156 /* dcmtk */ = {
			isa = PBXFileSystemSynchronizedRootGroup;
			exceptions = (
				E3DC13932D75ADF3005173CF /* Exceptions for "dcmtk" folder in "DcmVision" target */,
			);
			path = dcmtk;
			sourceTree = "<group>";
		};
		E3CF90E42D639D090003E156 /* zlib */ = {
			isa = PBXFileSystemSynchronizedRootGroup;
			exceptions = (
				E3DC13922D75ADC1005173CF /* Exceptions for "zlib" folder in "DcmVision" target */,
			);
			path = zlib;
			sourceTree = "<group>";
		};
		E3DC31D12D75E818005173CF /* vtk */ = {
			isa = PBXFileSystemSynchronizedRootGroup;
			exceptions = (
				E3DC324A2D75E840005173CF /* Exceptions for "vtk" folder in "DcmVision" target */,
			);
			path = vtk;
			sourceTree = "<group>";
		};
/* End PBXFileSystemSynchronizedRootGroup section */

/* Begin PBXFrameworksBuildPhase section */
		E3286BCF2D06EE4800E95768 /* Frameworks */ = {
			isa = PBXFrameworksBuildPhase;
			buildActionMask = 2147483647;
			files = (
				E3EB86A82DC145F900BD3DA5 /* RealityKitContent in Frameworks */,
				E3F8E4912DC6C08000A8EC57 /* Tools4SwiftUI in Frameworks */,
			);
			runOnlyForDeploymentPostprocessing = 0;
		};
/* End PBXFrameworksBuildPhase section */

/* Begin PBXGroup section */
		E3286BC92D06EE4800E95768 = {
			isa = PBXGroup;
			children = (
				E3286BD42D06EE4800E95768 /* DcmVision */,
				E3CF6BF62D637FD60003E156 /* Dependencies */,
				E3EB86A42DC145AC00BD3DA5 /* Packages */,
				E39BB8452D08521600426BE2 /* README.md */,
				E3286BD32D06EE4800E95768 /* Products */,
			);
			sourceTree = "<group>";
		};
		E3286BD32D06EE4800E95768 /* Products */ = {
			isa = PBXGroup;
			children = (
				E3286BD22D06EE4800E95768 /* DcmVision.app */,
			);
			name = Products;
			sourceTree = "<group>";
		};
		E3CF6BF62D637FD60003E156 /* Dependencies */ = {
			isa = PBXGroup;
			children = (
				E3DC31D12D75E818005173CF /* vtk */,
				E3CF90E42D639D090003E156 /* zlib */,
				E3CF8F6A2D639CFE0003E156 /* dcmtk */,
				E3CF6BF52D637FD60003E156 /* setup-dependencies.sh */,
			);
			path = Dependencies;
			sourceTree = "<group>";
		};
		E3EB86A42DC145AC00BD3DA5 /* Packages */ = {
			isa = PBXGroup;
			children = (
				E3EB86A32DC145AC00BD3DA5 /* RealityKitContent */,
			);
			path = Packages;
			sourceTree = "<group>";
		};
/* End PBXGroup section */

/* Begin PBXNativeTarget section */
		E3286BD12D06EE4800E95768 /* DcmVision */ = {
			isa = PBXNativeTarget;
			buildConfigurationList = E3286BEA2D06EE4900E95768 /* Build configuration list for PBXNativeTarget "DcmVision" */;
			buildPhases = (
				E3286BCE2D06EE4800E95768 /* Sources */,
				E3286BCF2D06EE4800E95768 /* Frameworks */,
				E3286BD02D06EE4800E95768 /* Resources */,
			);
			buildRules = (
			);
			dependencies = (
			);
			fileSystemSynchronizedGroups = (
				E3286BD42D06EE4800E95768 /* DcmVision */,
				E3CF8F6A2D639CFE0003E156 /* dcmtk */,
				E3CF90E42D639D090003E156 /* zlib */,
			);
			name = DcmVision;
			packageProductDependencies = (
				E3EB86A72DC145F900BD3DA5 /* RealityKitContent */,
				E3F8E4902DC6C08000A8EC57 /* Tools4SwiftUI */,
			);
			productName = DicomTest;
			productReference = E3286BD22D06EE4800E95768 /* DcmVision.app */;
			productType = "com.apple.product-type.application";
		};
/* End PBXNativeTarget section */

/* Begin PBXProject section */
		E3286BCA2D06EE4800E95768 /* Project object */ = {
			isa = PBXProject;
			attributes = {
				BuildIndependentTargetsInParallel = 1;
				LastSwiftUpdateCheck = 1610;
				LastUpgradeCheck = 1630;
				TargetAttributes = {
					E3286BD12D06EE4800E95768 = {
						CreatedOnToolsVersion = 16.1;
						LastSwiftMigration = 1610;
					};
				};
			};
			buildConfigurationList = E3286BCD2D06EE4800E95768 /* Build configuration list for PBXProject "DcmVision" */;
			developmentRegion = en;
			hasScannedForEncodings = 0;
			knownRegions = (
				en,
				Base,
			);
			mainGroup = E3286BC92D06EE4800E95768;
			minimizedProjectReferenceProxies = 1;
			packageReferences = (
				E3EB86A62DC145F900BD3DA5 /* XCLocalSwiftPackageReference "Packages/RealityKitContent" */,
				E3F8E48F2DC6C08000A8EC57 /* XCRemoteSwiftPackageReference "Tools4SwiftUI" */,
			);
			preferredProjectObjectVersion = 77;
			productRefGroup = E3286BD32D06EE4800E95768 /* Products */;
			projectDirPath = "";
			projectRoot = "";
			targets = (
				E3286BD12D06EE4800E95768 /* DcmVision */,
			);
		};
/* End PBXProject section */

/* Begin PBXResourcesBuildPhase section */
		E3286BD02D06EE4800E95768 /* Resources */ = {
			isa = PBXResourcesBuildPhase;
			buildActionMask = 2147483647;
			files = (
			);
			runOnlyForDeploymentPostprocessing = 0;
		};
/* End PBXResourcesBuildPhase section */

/* Begin PBXSourcesBuildPhase section */
		E3286BCE2D06EE4800E95768 /* Sources */ = {
			isa = PBXSourcesBuildPhase;
			buildActionMask = 2147483647;
			files = (
			);
			runOnlyForDeploymentPostprocessing = 0;
		};
/* End PBXSourcesBuildPhase section */

/* Begin XCBuildConfiguration section */
		E3286BEB2D06EE4900E95768 /* Debug */ = {
			isa = XCBuildConfiguration;
			buildSettings = {
				ASSETCATALOG_COMPILER_APPICON_NAME = AppIcon;
				ASSETCATALOG_COMPILER_GLOBAL_ACCENT_COLOR_NAME = AccentColor;
				CLANG_ENABLE_MODULES = YES;
				CODE_SIGN_STYLE = Automatic;
				COPY_PHASE_STRIP = NO;
				CURRENT_PROJECT_VERSION = 1;
				DEVELOPMENT_ASSET_PATHS = "";
				ENABLE_PREVIEWS = YES;
				GENERATE_INFOPLIST_FILE = YES;
				HEADER_SEARCH_PATHS = (
					"$(PROJECT_DIR)/Dependencies/dcmtk/include/**",
					"$(PROJECT_DIR)/Dependencies/vtk/include/vtk-9.4",
				);
				INFOPLIST_FILE = "$(TARGET_NAME)/Resources/Info.plist";
				LD_RUNPATH_SEARCH_PATHS = (
					"$(inherited)",
					"@executable_path/Frameworks",
				);
				LIBRARY_SEARCH_PATHS = (
					"$(inherited)",
					"$(PROJECT_DIR)/Dependencies/dcmtk/lib",
					"$(PROJECT_DIR)/Dependencies/zlib/lib",
					"$(PROJECT_DIR)/Dependencies/vtk/lib",
				);
				MARKETING_VERSION = 1.0;
				PRODUCT_BUNDLE_IDENTIFIER = giusepperocco.DicomTest;
				PRODUCT_NAME = "$(TARGET_NAME)";
				SUPPORTED_PLATFORMS = "xros xrsimulator";
				SWIFT_EMIT_LOC_STRINGS = YES;
				SWIFT_OBJC_BRIDGING_HEADER = "DcmVision/ApplicationCore/DcmVision-Bridging-Header.h";
				SWIFT_OPTIMIZATION_LEVEL = "-Onone";
				SWIFT_VERSION = 5.0;
				TARGETED_DEVICE_FAMILY = 7;
				XROS_DEPLOYMENT_TARGET = 2.2;
			};
			name = Debug;
		};
		E3286BEC2D06EE4900E95768 /* Release */ = {
			isa = XCBuildConfiguration;
			buildSettings = {
				ASSETCATALOG_COMPILER_APPICON_NAME = AppIcon;
				ASSETCATALOG_COMPILER_GLOBAL_ACCENT_COLOR_NAME = AccentColor;
				CLANG_ENABLE_MODULES = YES;
				CODE_SIGN_STYLE = Automatic;
				COPY_PHASE_STRIP = NO;
				CURRENT_PROJECT_VERSION = 1;
				DEVELOPMENT_ASSET_PATHS = "";
				ENABLE_PREVIEWS = YES;
				GENERATE_INFOPLIST_FILE = YES;
				HEADER_SEARCH_PATHS = (
					"$(PROJECT_DIR)/Dependencies/dcmtk/include/**",
					"$(PROJECT_DIR)/Dependencies/vtk/include/vtk-9.4",
				);
				INFOPLIST_FILE = "$(TARGET_NAME)/Resources/Info.plist";
				LD_RUNPATH_SEARCH_PATHS = (
					"$(inherited)",
					"@executable_path/Frameworks",
				);
				LIBRARY_SEARCH_PATHS = (
					"$(inherited)",
					"$(PROJECT_DIR)/Dependencies/dcmtk/lib",
					"$(PROJECT_DIR)/Dependencies/zlib/lib",
					"$(PROJECT_DIR)/Dependencies/vtk/lib",
				);
				MARKETING_VERSION = 1.0;
				PRODUCT_BUNDLE_IDENTIFIER = giusepperocco.DicomTest;
				PRODUCT_NAME = "$(TARGET_NAME)";
				SUPPORTED_PLATFORMS = "xros xrsimulator";
				SWIFT_EMIT_LOC_STRINGS = YES;
				SWIFT_OBJC_BRIDGING_HEADER = "DcmVision/ApplicationCore/DcmVision-Bridging-Header.h";
				SWIFT_VERSION = 5.0;
				TARGETED_DEVICE_FAMILY = 7;
				XROS_DEPLOYMENT_TARGET = 2.2;
			};
			name = Release;
		};
		E3286BED2D06EE4900E95768 /* Debug */ = {
			isa = XCBuildConfiguration;
			buildSettings = {
				ALWAYS_SEARCH_USER_PATHS = NO;
				ASSETCATALOG_COMPILER_GENERATE_SWIFT_ASSET_SYMBOL_EXTENSIONS = YES;
				CLANG_ANALYZER_NONNULL = YES;
				CLANG_ANALYZER_NUMBER_OBJECT_CONVERSION = YES_AGGRESSIVE;
				CLANG_CXX_LANGUAGE_STANDARD = "gnu++20";
				CLANG_ENABLE_MODULES = YES;
				CLANG_ENABLE_OBJC_ARC = YES;
				CLANG_ENABLE_OBJC_WEAK = YES;
				CLANG_WARN_BLOCK_CAPTURE_AUTORELEASING = YES;
				CLANG_WARN_BOOL_CONVERSION = YES;
				CLANG_WARN_COMMA = YES;
				CLANG_WARN_CONSTANT_CONVERSION = YES;
				CLANG_WARN_DEPRECATED_OBJC_IMPLEMENTATIONS = YES;
				CLANG_WARN_DIRECT_OBJC_ISA_USAGE = YES_ERROR;
				CLANG_WARN_DOCUMENTATION_COMMENTS = YES;
				CLANG_WARN_EMPTY_BODY = YES;
				CLANG_WARN_ENUM_CONVERSION = YES;
				CLANG_WARN_INFINITE_RECURSION = YES;
				CLANG_WARN_INT_CONVERSION = YES;
				CLANG_WARN_NON_LITERAL_NULL_CONVERSION = YES;
				CLANG_WARN_OBJC_IMPLICIT_RETAIN_SELF = YES;
				CLANG_WARN_OBJC_LITERAL_CONVERSION = YES;
				CLANG_WARN_OBJC_ROOT_CLASS = YES_ERROR;
				CLANG_WARN_QUOTED_INCLUDE_IN_FRAMEWORK_HEADER = YES;
				CLANG_WARN_RANGE_LOOP_ANALYSIS = YES;
				CLANG_WARN_STRICT_PROTOTYPES = YES;
				CLANG_WARN_SUSPICIOUS_MOVE = YES;
				CLANG_WARN_UNGUARDED_AVAILABILITY = YES_AGGRESSIVE;
				CLANG_WARN_UNREACHABLE_CODE = YES;
				CLANG_WARN__DUPLICATE_METHOD_MATCH = YES;
				COPY_PHASE_STRIP = NO;
				DEBUG_INFORMATION_FORMAT = dwarf;
				DEVELOPMENT_TEAM = T8HX5554JX;
				ENABLE_STRICT_OBJC_MSGSEND = YES;
				ENABLE_TESTABILITY = YES;
				ENABLE_USER_SCRIPT_SANDBOXING = YES;
				GCC_C_LANGUAGE_STANDARD = gnu17;
				GCC_DYNAMIC_NO_PIC = NO;
				GCC_NO_COMMON_BLOCKS = YES;
				GCC_OPTIMIZATION_LEVEL = 0;
				GCC_PREPROCESSOR_DEFINITIONS = (
					"DEBUG=1",
					"$(inherited)",
				);
				GCC_WARN_64_TO_32_BIT_CONVERSION = YES;
				GCC_WARN_ABOUT_RETURN_TYPE = YES_ERROR;
				GCC_WARN_UNDECLARED_SELECTOR = YES;
				GCC_WARN_UNINITIALIZED_AUTOS = YES_AGGRESSIVE;
				GCC_WARN_UNUSED_FUNCTION = YES;
				GCC_WARN_UNUSED_VARIABLE = YES;
				LOCALIZATION_PREFERS_STRING_CATALOGS = YES;
				MTL_ENABLE_DEBUG_INFO = INCLUDE_SOURCE;
				MTL_FAST_MATH = YES;
				ONLY_ACTIVE_ARCH = YES;
				SDKROOT = xros;
				SWIFT_ACTIVE_COMPILATION_CONDITIONS = "DEBUG $(inherited)";
				SWIFT_OPTIMIZATION_LEVEL = "-Onone";
				XROS_DEPLOYMENT_TARGET = 2.1;
			};
			name = Debug;
		};
		E3286BEE2D06EE4900E95768 /* Release */ = {
			isa = XCBuildConfiguration;
			buildSettings = {
				ALWAYS_SEARCH_USER_PATHS = NO;
				ASSETCATALOG_COMPILER_GENERATE_SWIFT_ASSET_SYMBOL_EXTENSIONS = YES;
				CLANG_ANALYZER_NONNULL = YES;
				CLANG_ANALYZER_NUMBER_OBJECT_CONVERSION = YES_AGGRESSIVE;
				CLANG_CXX_LANGUAGE_STANDARD = "gnu++20";
				CLANG_ENABLE_MODULES = YES;
				CLANG_ENABLE_OBJC_ARC = YES;
				CLANG_ENABLE_OBJC_WEAK = YES;
				CLANG_WARN_BLOCK_CAPTURE_AUTORELEASING = YES;
				CLANG_WARN_BOOL_CONVERSION = YES;
				CLANG_WARN_COMMA = YES;
				CLANG_WARN_CONSTANT_CONVERSION = YES;
				CLANG_WARN_DEPRECATED_OBJC_IMPLEMENTATIONS = YES;
				CLANG_WARN_DIRECT_OBJC_ISA_USAGE = YES_ERROR;
				CLANG_WARN_DOCUMENTATION_COMMENTS = YES;
				CLANG_WARN_EMPTY_BODY = YES;
				CLANG_WARN_ENUM_CONVERSION = YES;
				CLANG_WARN_INFINITE_RECURSION = YES;
				CLANG_WARN_INT_CONVERSION = YES;
				CLANG_WARN_NON_LITERAL_NULL_CONVERSION = YES;
				CLANG_WARN_OBJC_IMPLICIT_RETAIN_SELF = YES;
				CLANG_WARN_OBJC_LITERAL_CONVERSION = YES;
				CLANG_WARN_OBJC_ROOT_CLASS = YES_ERROR;
				CLANG_WARN_QUOTED_INCLUDE_IN_FRAMEWORK_HEADER = YES;
				CLANG_WARN_RANGE_LOOP_ANALYSIS = YES;
				CLANG_WARN_STRICT_PROTOTYPES = YES;
				CLANG_WARN_SUSPICIOUS_MOVE = YES;
				CLANG_WARN_UNGUARDED_AVAILABILITY = YES_AGGRESSIVE;
				CLANG_WARN_UNREACHABLE_CODE = YES;
				CLANG_WARN__DUPLICATE_METHOD_MATCH = YES;
				COPY_PHASE_STRIP = NO;
				DEBUG_INFORMATION_FORMAT = "dwarf-with-dsym";
				DEVELOPMENT_TEAM = T8HX5554JX;
				ENABLE_NS_ASSERTIONS = NO;
				ENABLE_STRICT_OBJC_MSGSEND = YES;
				ENABLE_USER_SCRIPT_SANDBOXING = YES;
				GCC_C_LANGUAGE_STANDARD = gnu17;
				GCC_NO_COMMON_BLOCKS = YES;
				GCC_WARN_64_TO_32_BIT_CONVERSION = YES;
				GCC_WARN_ABOUT_RETURN_TYPE = YES_ERROR;
				GCC_WARN_UNDECLARED_SELECTOR = YES;
				GCC_WARN_UNINITIALIZED_AUTOS = YES_AGGRESSIVE;
				GCC_WARN_UNUSED_FUNCTION = YES;
				GCC_WARN_UNUSED_VARIABLE = YES;
				LOCALIZATION_PREFERS_STRING_CATALOGS = YES;
				MTL_ENABLE_DEBUG_INFO = NO;
				MTL_FAST_MATH = YES;
				SDKROOT = xros;
				SWIFT_COMPILATION_MODE = wholemodule;
				VALIDATE_PRODUCT = YES;
				XROS_DEPLOYMENT_TARGET = 2.1;
			};
			name = Release;
		};
/* End XCBuildConfiguration section */

/* Begin XCConfigurationList section */
		E3286BCD2D06EE4800E95768 /* Build configuration list for PBXProject "DcmVision" */ = {
			isa = XCConfigurationList;
			buildConfigurations = (
				E3286BED2D06EE4900E95768 /* Debug */,
				E3286BEE2D06EE4900E95768 /* Release */,
			);
			defaultConfigurationIsVisible = 0;
			defaultConfigurationName = Release;
		};
		E3286BEA2D06EE4900E95768 /* Build configuration list for PBXNativeTarget "DcmVision" */ = {
			isa = XCConfigurationList;
			buildConfigurations = (
				E3286BEB2D06EE4900E95768 /* Debug */,
				E3286BEC2D06EE4900E95768 /* Release */,
			);
			defaultConfigurationIsVisible = 0;
			defaultConfigurationName = Release;
		};
/* End XCConfigurationList section */

/* Begin XCLocalSwiftPackageReference section */
		E3EB86A62DC145F900BD3DA5 /* XCLocalSwiftPackageReference "Packages/RealityKitContent" */ = {
			isa = XCLocalSwiftPackageReference;
			relativePath = Packages/RealityKitContent;
		};
/* End XCLocalSwiftPackageReference section */

/* Begin XCRemoteSwiftPackageReference section */
		E3F8E48F2DC6C08000A8EC57 /* XCRemoteSwiftPackageReference "Tools4SwiftUI" */ = {
			isa = XCRemoteSwiftPackageReference;
			repositoryURL = "https://github.com/iOmega8561/Tools4SwiftUI";
			requirement = {
				branch = master;
				kind = branch;
			};
		};
/* End XCRemoteSwiftPackageReference section */

/* Begin XCSwiftPackageProductDependency section */
		E3EB86A72DC145F900BD3DA5 /* RealityKitContent */ = {
			isa = XCSwiftPackageProductDependency;
			productName = RealityKitContent;
		};
		E3F8E4902DC6C08000A8EC57 /* Tools4SwiftUI */ = {
			isa = XCSwiftPackageProductDependency;
			package = E3F8E48F2DC6C08000A8EC57 /* XCRemoteSwiftPackageReference "Tools4SwiftUI" */;
			productName = Tools4SwiftUI;
		};
/* End XCSwiftPackageProductDependency section */
	};
	rootObject = E3286BCA2D06EE4800E95768 /* Project object */;
}
